
Microsoft Visual Studio Solution File, Format Version 12.00
# Visual Studio Version 16
VisualStudioVersion = 16.0.30717.126
MinimumVisualStudioVersion = 10.0.40219.1
Project("{FAE04EC0-301F-11D3-BF4B-00C04F79EFBC}") = "ApiFrontend", "ApiFrontend\ApiFrontend.csproj", "{A31AFD26-B715-410B-9E77-DBE5068C881A}"
EndProject
Project("{FAE04EC0-301F-11D3-BF4B-00C04F79EFBC}") = "PlayerApi", "PlayerApi\PlayerApi.csproj", "{121846DA-C2E1-4B2D-8646-E539E5A93F56}"
EndProject
Global
	GlobalSection(SolutionConfigurationPlatforms) = preSolution
		Debug|Any CPU = Debug|Any CPU
		Release|Any CPU = Release|Any CPU
	EndGlobalSection
	GlobalSection(ProjectConfigurationPlatforms) = postSolution
		{A31AFD26-B715-410B-9E77-DBE5068C881A}.Debug|Any CPU.ActiveCfg = Debug|Any CPU
		{A31AFD26-B715-410B-9E77-DBE5068C881A}.Debug|Any CPU.Build.0 = Debug|Any CPU
		{A31AFD26-B715-410B-9E77-DBE5068C881A}.Release|Any CPU.ActiveCfg = Release|Any CPU
		{A31AFD26-B715-410B-9E77-DBE5068C881A}.Release|Any CPU.Build.0 = Release|Any CPU
		{121846DA-C2E1-4B2D-8646-E539E5A93F56}.Debug|Any CPU.ActiveCfg = Debug|Any CPU
		{121846DA-C2E1-4B2D-8646-E539E5A93F56}.Debug|Any CPU.Build.0 = Debug|Any CPU
		{121846DA-C2E1-4B2D-8646-E539E5A93F56}.Release|Any CPU.ActiveCfg = Release|Any CPU
		{121846DA-C2E1-4B2D-8646-E539E5A93F56}.Release|Any CPU.Build.0 = Release|Any CPU
	EndGlobalSection
	GlobalSection(SolutionProperties) = preSolution
		HideSolutionNode = FALSE
	EndGlobalSection
	GlobalSection(ExtensibilityGlobals) = postSolution
		SolutionGuid = {FE5C9B2D-ACA8-461C-A4B1-5E2FB22E1EE6}
	EndGlobalSection
EndGlobal
